
Microsoft Visual Studio Solution File, Format Version 12.00
# Visual Studio Version 17
VisualStudioVersion = 17.9.34728.123
MinimumVisualStudioVersion = 10.0.40219.1
Project("{FAE04EC0-301F-11D3-BF4B-00C04F79EFBC}") = "uri1046", "uri1046\uri1046.csproj", "{C5CF80F8-45DC-4ED3-9EE2-95AE64A95272}"
EndProject
Global
	GlobalSection(SolutionConfigurationPlatforms) = preSolution
		Debug|Any CPU = Debug|Any CPU
		Release|Any CPU = Release|Any CPU
	EndGlobalSection
	GlobalSection(ProjectConfigurationPlatforms) = postSolution
		{C5CF80F8-45DC-4ED3-9EE2-95AE64A95272}.Debug|Any CPU.ActiveCfg = Debug|Any CPU
		{C5CF80F8-45DC-4ED3-9EE2-95AE64A95272}.Debug|Any CPU.Build.0 = Debug|Any CPU
		{C5CF80F8-45DC-4ED3-9EE2-95AE64A95272}.Release|Any CPU.ActiveCfg = Release|Any CPU
		{C5CF80F8-45DC-4ED3-9EE2-95AE64A95272}.Release|Any CPU.Build.0 = Release|Any CPU
	EndGlobalSection
	GlobalSection(SolutionProperties) = preSolution
		HideSolutionNode = FALSE
	EndGlobalSection
	GlobalSection(ExtensibilityGlobals) = postSolution
		SolutionGuid = {B65E4640-0DA2-405E-8D07-CDE0FF8277E2}
	EndGlobalSection
EndGlobal
